// !$*UTF8*$!
{
	archiveVersion = 1;
	classes = {
	};
	objectVersion = 51;
	objects = {

/* Begin PBXBuildFile section */
		7F368FBC2511EF3B002E8B7D /* MultipleChoiceView.swift in Sources */ = {isa = PBXBuildFile; fileRef = 7F368FBB2511EF3B002E8B7D /* MultipleChoiceView.swift */; };
		7F368FBE2512115E002E8B7D /* CollectionViewCell.swift in Sources */ = {isa = PBXBuildFile; fileRef = 7F368FBD2512115E002E8B7D /* CollectionViewCell.swift */; };
		7F368FC12512D6D8002E8B7D /* TextChoiceView.swift in Sources */ = {isa = PBXBuildFile; fileRef = 7F368FC02512D6D8002E8B7D /* TextChoiceView.swift */; };
		7F368FC52512DD14002E8B7D /* UItextField Extenstion.swift in Sources */ = {isa = PBXBuildFile; fileRef = 7F368FC42512DD14002E8B7D /* UItextField Extenstion.swift */; };
		7F8C12832514819200E4FE93 /* ARview.swift in Sources */ = {isa = PBXBuildFile; fileRef = 7F8C12822514819200E4FE93 /* ARview.swift */; };
		7F8C1288251487F800E4FE93 /* ARViewController.swift in Sources */ = {isa = PBXBuildFile; fileRef = 7F8C1287251487F800E4FE93 /* ARViewController.swift */; };
		A943920924BA7EC6006C0B13 /* DigitClassifier.swift in Sources */ = {isa = PBXBuildFile; fileRef = A943920824BA7EC6006C0B13 /* DigitClassifier.swift */; };
		A943920D24BA7F47006C0B13 /* TensorFlowExt.swift in Sources */ = {isa = PBXBuildFile; fileRef = A943920C24BA7F47006C0B13 /* TensorFlowExt.swift */; };
		A943921024BAA7EB006C0B13 /* mnist.tflite in Resources */ = {isa = PBXBuildFile; fileRef = A943920F24BAA7EB006C0B13 /* mnist.tflite */; };
		A956916024BEA8FB0095B2EE /* DropDownButton.swift in Sources */ = {isa = PBXBuildFile; fileRef = A956915F24BEA8FB0095B2EE /* DropDownButton.swift */; };
		A956916224BEAAE10095B2EE /* DropDownView.swift in Sources */ = {isa = PBXBuildFile; fileRef = A956916124BEAAE10095B2EE /* DropDownView.swift */; };
		A9584F7324B13F9000928EE1 /* AppDelegate.swift in Sources */ = {isa = PBXBuildFile; fileRef = A9584F7224B13F9000928EE1 /* AppDelegate.swift */; };
		A9584F7524B13F9000928EE1 /* SceneDelegate.swift in Sources */ = {isa = PBXBuildFile; fileRef = A9584F7424B13F9000928EE1 /* SceneDelegate.swift */; };
		A9584F7724B13F9000928EE1 /* MultiplicationViewController.swift in Sources */ = {isa = PBXBuildFile; fileRef = A9584F7624B13F9000928EE1 /* MultiplicationViewController.swift */; };
		A9584F7A24B13F9000928EE1 /* Main.storyboard in Resources */ = {isa = PBXBuildFile; fileRef = A9584F7824B13F9000928EE1 /* Main.storyboard */; };
		A9584F7C24B13F9100928EE1 /* Assets.xcassets in Resources */ = {isa = PBXBuildFile; fileRef = A9584F7B24B13F9100928EE1 /* Assets.xcassets */; };
		A9584F7F24B13F9100928EE1 /* LaunchScreen.storyboard in Resources */ = {isa = PBXBuildFile; fileRef = A9584F7D24B13F9100928EE1 /* LaunchScreen.storyboard */; };
		A9584F8724B1599500928EE1 /* CanvasView.swift in Sources */ = {isa = PBXBuildFile; fileRef = A9584F8624B1599500928EE1 /* CanvasView.swift */; };
		A9584F8924B17F5D00928EE1 /* UiView Extensions .swift in Sources */ = {isa = PBXBuildFile; fileRef = A9584F8824B17F5D00928EE1 /* UiView Extensions .swift */; };
		A9584F8B24B8507600928EE1 /* StartViewController.swift in Sources */ = {isa = PBXBuildFile; fileRef = A9584F8A24B8507600928EE1 /* StartViewController.swift */; };
		A9584F8D24B852BE00928EE1 /* MultiplicationListCollectionViewCell.swift in Sources */ = {isa = PBXBuildFile; fileRef = A9584F8C24B852BE00928EE1 /* MultiplicationListCollectionViewCell.swift */; };
		A9584F8F24B8FF7600928EE1 /* TransitionAnimationCollectionViewCell.swift in Sources */ = {isa = PBXBuildFile; fileRef = A9584F8E24B8FF7500928EE1 /* TransitionAnimationCollectionViewCell.swift */; };
		A9584F9124B9010A00928EE1 /* MultiplicationStudyViewController.swift in Sources */ = {isa = PBXBuildFile; fileRef = A9584F9024B9010A00928EE1 /* MultiplicationStudyViewController.swift */; };
		EC7AD20F7D2BF9829398F976 /* Pods_Multiplication_App.framework in Frameworks */ = {isa = PBXBuildFile; fileRef = 4DA7D5614AD48F7189679126 /* Pods_Multiplication_App.framework */; };
/* End PBXBuildFile section */

/* Begin PBXFileReference section */
		0091F8900A505A2110A9D44A /* Pods-Multiplication App.debug.xcconfig */ = {isa = PBXFileReference; includeInIndex = 1; lastKnownFileType = text.xcconfig; name = "Pods-Multiplication App.debug.xcconfig"; path = "Target Support Files/Pods-Multiplication App/Pods-Multiplication App.debug.xcconfig"; sourceTree = "<group>"; };
		4DA7D5614AD48F7189679126 /* Pods_Multiplication_App.framework */ = {isa = PBXFileReference; explicitFileType = wrapper.framework; includeInIndex = 0; path = Pods_Multiplication_App.framework; sourceTree = BUILT_PRODUCTS_DIR; };
		7F368FBB2511EF3B002E8B7D /* MultipleChoiceView.swift */ = {isa = PBXFileReference; lastKnownFileType = sourcecode.swift; path = MultipleChoiceView.swift; sourceTree = "<group>"; };
		7F368FBD2512115E002E8B7D /* CollectionViewCell.swift */ = {isa = PBXFileReference; lastKnownFileType = sourcecode.swift; path = CollectionViewCell.swift; sourceTree = "<group>"; };
		7F368FC02512D6D8002E8B7D /* TextChoiceView.swift */ = {isa = PBXFileReference; lastKnownFileType = sourcecode.swift; path = TextChoiceView.swift; sourceTree = "<group>"; };
		7F368FC42512DD14002E8B7D /* UItextField Extenstion.swift */ = {isa = PBXFileReference; lastKnownFileType = sourcecode.swift; path = "UItextField Extenstion.swift"; sourceTree = "<group>"; };
		7F8C12822514819200E4FE93 /* ARview.swift */ = {isa = PBXFileReference; lastKnownFileType = sourcecode.swift; path = ARview.swift; sourceTree = "<group>"; };
		7F8C1287251487F800E4FE93 /* ARViewController.swift */ = {isa = PBXFileReference; lastKnownFileType = sourcecode.swift; path = ARViewController.swift; sourceTree = "<group>"; };
		A943920824BA7EC6006C0B13 /* DigitClassifier.swift */ = {isa = PBXFileReference; lastKnownFileType = sourcecode.swift; path = DigitClassifier.swift; sourceTree = "<group>"; };
		A943920C24BA7F47006C0B13 /* TensorFlowExt.swift */ = {isa = PBXFileReference; lastKnownFileType = sourcecode.swift; path = TensorFlowExt.swift; sourceTree = "<group>"; };
		A943920F24BAA7EB006C0B13 /* mnist.tflite */ = {isa = PBXFileReference; lastKnownFileType = file; path = mnist.tflite; sourceTree = "<group>"; };
		A956915F24BEA8FB0095B2EE /* DropDownButton.swift */ = {isa = PBXFileReference; lastKnownFileType = sourcecode.swift; path = DropDownButton.swift; sourceTree = "<group>"; };
		A956916124BEAAE10095B2EE /* DropDownView.swift */ = {isa = PBXFileReference; lastKnownFileType = sourcecode.swift; path = DropDownView.swift; sourceTree = "<group>"; };
		A9584F6F24B13F9000928EE1 /* Multiplication App.app */ = {isa = PBXFileReference; explicitFileType = wrapper.application; includeInIndex = 0; path = "Multiplication App.app"; sourceTree = BUILT_PRODUCTS_DIR; };
		A9584F7224B13F9000928EE1 /* AppDelegate.swift */ = {isa = PBXFileReference; lastKnownFileType = sourcecode.swift; path = AppDelegate.swift; sourceTree = "<group>"; };
		A9584F7424B13F9000928EE1 /* SceneDelegate.swift */ = {isa = PBXFileReference; lastKnownFileType = sourcecode.swift; path = SceneDelegate.swift; sourceTree = "<group>"; };
		A9584F7624B13F9000928EE1 /* MultiplicationViewController.swift */ = {isa = PBXFileReference; lastKnownFileType = sourcecode.swift; path = MultiplicationViewController.swift; sourceTree = "<group>"; };
		A9584F7924B13F9000928EE1 /* Base */ = {isa = PBXFileReference; lastKnownFileType = file.storyboard; name = Base; path = Base.lproj/Main.storyboard; sourceTree = "<group>"; };
		A9584F7B24B13F9100928EE1 /* Assets.xcassets */ = {isa = PBXFileReference; lastKnownFileType = folder.assetcatalog; path = Assets.xcassets; sourceTree = "<group>"; };
		A9584F7E24B13F9100928EE1 /* Base */ = {isa = PBXFileReference; lastKnownFileType = file.storyboard; name = Base; path = Base.lproj/LaunchScreen.storyboard; sourceTree = "<group>"; };
		A9584F8024B13F9100928EE1 /* Info.plist */ = {isa = PBXFileReference; lastKnownFileType = text.plist.xml; path = Info.plist; sourceTree = "<group>"; };
		A9584F8624B1599500928EE1 /* CanvasView.swift */ = {isa = PBXFileReference; lastKnownFileType = sourcecode.swift; path = CanvasView.swift; sourceTree = "<group>"; };
		A9584F8824B17F5D00928EE1 /* UiView Extensions .swift */ = {isa = PBXFileReference; lastKnownFileType = sourcecode.swift; path = "UiView Extensions .swift"; sourceTree = "<group>"; };
		A9584F8A24B8507600928EE1 /* StartViewController.swift */ = {isa = PBXFileReference; lastKnownFileType = sourcecode.swift; path = StartViewController.swift; sourceTree = "<group>"; };
		A9584F8C24B852BE00928EE1 /* MultiplicationListCollectionViewCell.swift */ = {isa = PBXFileReference; lastKnownFileType = sourcecode.swift; path = MultiplicationListCollectionViewCell.swift; sourceTree = "<group>"; };
		A9584F8E24B8FF7500928EE1 /* TransitionAnimationCollectionViewCell.swift */ = {isa = PBXFileReference; lastKnownFileType = sourcecode.swift; path = TransitionAnimationCollectionViewCell.swift; sourceTree = "<group>"; };
		A9584F9024B9010A00928EE1 /* MultiplicationStudyViewController.swift */ = {isa = PBXFileReference; lastKnownFileType = sourcecode.swift; path = MultiplicationStudyViewController.swift; sourceTree = "<group>"; };
		BE1D3BB382262DEBE3D08728 /* Pods-Multiplication App.release.xcconfig */ = {isa = PBXFileReference; includeInIndex = 1; lastKnownFileType = text.xcconfig; name = "Pods-Multiplication App.release.xcconfig"; path = "Target Support Files/Pods-Multiplication App/Pods-Multiplication App.release.xcconfig"; sourceTree = "<group>"; };
/* End PBXFileReference section */

/* Begin PBXFrameworksBuildPhase section */
		A9584F6C24B13F9000928EE1 /* Frameworks */ = {
			isa = PBXFrameworksBuildPhase;
			buildActionMask = 2147483647;
			files = (
				EC7AD20F7D2BF9829398F976 /* Pods_Multiplication_App.framework in Frameworks */,
			);
			runOnlyForDeploymentPostprocessing = 0;
		};
/* End PBXFrameworksBuildPhase section */

/* Begin PBXGroup section */
		7F368FBA2511EE75002E8B7D /* Mutiple ChoiceView */ = {
			isa = PBXGroup;
			children = (
				7F368FBB2511EF3B002E8B7D /* MultipleChoiceView.swift */,
				7F368FBD2512115E002E8B7D /* CollectionViewCell.swift */,
			);
			name = "Mutiple ChoiceView";
			sourceTree = "<group>";
		};
		7F368FBF2512D682002E8B7D /* Text ChoiceView  */ = {
			isa = PBXGroup;
			children = (
				7F368FC02512D6D8002E8B7D /* TextChoiceView.swift */,
			);
			path = "Text ChoiceView ";
			sourceTree = "<group>";
		};
		7F368FC32512DCFA002E8B7D /* UITextField */ = {
			isa = PBXGroup;
			children = (
				7F368FC42512DD14002E8B7D /* UItextField Extenstion.swift */,
			);
			path = UITextField;
			sourceTree = "<group>";
		};
		7F8C12812514817500E4FE93 /* AR View */ = {
			isa = PBXGroup;
			children = (
				7F8C12822514819200E4FE93 /* ARview.swift */,
			);
			path = "AR View";
			sourceTree = "<group>";
		};
		7F8C1286251487CF00E4FE93 /* AR ViewController */ = {
			isa = PBXGroup;
			children = (
				7F8C1287251487F800E4FE93 /* ARViewController.swift */,
			);
			path = "AR ViewController";
			sourceTree = "<group>";
		};
		84564F54F5AF4A2C981F5C2A /* Pods */ = {
			isa = PBXGroup;
			children = (
				0091F8900A505A2110A9D44A /* Pods-Multiplication App.debug.xcconfig */,
				BE1D3BB382262DEBE3D08728 /* Pods-Multiplication App.release.xcconfig */,
			);
			path = Pods;
			sourceTree = "<group>";
		};
		A943920724BA7E9E006C0B13 /* Tensor Flow */ = {
			isa = PBXGroup;
			children = (
				A943920824BA7EC6006C0B13 /* DigitClassifier.swift */,
			);
			path = "Tensor Flow";
			sourceTree = "<group>";
		};
		A943920A24BA7F17006C0B13 /* Tensor Flow Extension */ = {
			isa = PBXGroup;
			children = (
				A9584F9224B93BE500928EE1 /* StartViewController */,
				A943920C24BA7F47006C0B13 /* TensorFlowExt.swift */,
			);
			path = "Tensor Flow Extension";
			sourceTree = "<group>";
		};
		A943920B24BA7F29006C0B13 /* UIViewExtension */ = {
			isa = PBXGroup;
			children = (
				A9584F8824B17F5D00928EE1 /* UiView Extensions .swift */,
			);
			path = UIViewExtension;
			sourceTree = "<group>";
		};
		A956915E24BEA8E20095B2EE /* DropDown Menu */ = {
			isa = PBXGroup;
			children = (
				A956915F24BEA8FB0095B2EE /* DropDownButton.swift */,
				A956916124BEAAE10095B2EE /* DropDownView.swift */,
			);
			name = "DropDown Menu";
			sourceTree = "<group>";
		};
		A9584F6624B13F9000928EE1 = {
			isa = PBXGroup;
			children = (
				A9584F7124B13F9000928EE1 /* Multiplication App */,
				A9584F7024B13F9000928EE1 /* Products */,
				84564F54F5AF4A2C981F5C2A /* Pods */,
				B53075D379BF875EDF50454F /* Frameworks */,
			);
			sourceTree = "<group>";
		};
		A9584F7024B13F9000928EE1 /* Products */ = {
			isa = PBXGroup;
			children = (
				A9584F6F24B13F9000928EE1 /* Multiplication App.app */,
			);
			name = Products;
			sourceTree = "<group>";
		};
		A9584F7124B13F9000928EE1 /* Multiplication App */ = {
			isa = PBXGroup;
			children = (
				7F8C1286251487CF00E4FE93 /* AR ViewController */,
				A956915E24BEA8E20095B2EE /* DropDown Menu */,
				A943920F24BAA7EB006C0B13 /* mnist.tflite */,
				A943920724BA7E9E006C0B13 /* Tensor Flow */,
				A9584F9424B93C2F00928EE1 /* StudyMultViewController */,
				A9584F9324B93BFA00928EE1 /* PracticeMutlViewController */,
				A9584F9924B93CF000928EE1 /* SupportingFiles */,
				A9584F9624B93C8100928EE1 /* Extensions */,
				A9584F7B24B13F9100928EE1 /* Assets.xcassets */,
				A9584F7824B13F9000928EE1 /* Main.storyboard */,
				A9584F7D24B13F9100928EE1 /* LaunchScreen.storyboard */,
				A9584F8024B13F9100928EE1 /* Info.plist */,
			);
			path = "Multiplication App";
			sourceTree = "<group>";
		};
		A9584F9224B93BE500928EE1 /* StartViewController */ = {
			isa = PBXGroup;
			children = (
				A9584F8A24B8507600928EE1 /* StartViewController.swift */,
			);
			path = StartViewController;
			sourceTree = "<group>";
		};
		A9584F9324B93BFA00928EE1 /* PracticeMutlViewController */ = {
			isa = PBXGroup;
			children = (
				A9584F7624B13F9000928EE1 /* MultiplicationViewController.swift */,
				7F368FBF2512D682002E8B7D /* Text ChoiceView  */,
				7F368FBA2511EE75002E8B7D /* Mutiple ChoiceView */,
				A9584F9724B93CA300928EE1 /* DrawingAnswerView */,
				7F8C12812514817500E4FE93 /* AR View */,
			);
			path = PracticeMutlViewController;
			sourceTree = "<group>";
		};
		A9584F9424B93C2F00928EE1 /* StudyMultViewController */ = {
			isa = PBXGroup;
			children = (
				A9584F9024B9010A00928EE1 /* MultiplicationStudyViewController.swift */,
				A9584F9824B93CCD00928EE1 /* ColletionViewAnimation */,
				A9584F9524B93C5100928EE1 /* TableListCollectionViewCell */,
			);
			path = StudyMultViewController;
			sourceTree = "<group>";
		};
		A9584F9524B93C5100928EE1 /* TableListCollectionViewCell */ = {
			isa = PBXGroup;
			children = (
				A9584F8C24B852BE00928EE1 /* MultiplicationListCollectionViewCell.swift */,
			);
			path = TableListCollectionViewCell;
			sourceTree = "<group>";
		};
		A9584F9624B93C8100928EE1 /* Extensions */ = {
			isa = PBXGroup;
			children = (
				7F368FC32512DCFA002E8B7D /* UITextField */,
				A943920A24BA7F17006C0B13 /* Tensor Flow Extension */,
				A943920B24BA7F29006C0B13 /* UIViewExtension */,
			);
			path = Extensions;
			sourceTree = "<group>";
		};
		A9584F9724B93CA300928EE1 /* DrawingAnswerView */ = {
			isa = PBXGroup;
			children = (
				A9584F8624B1599500928EE1 /* CanvasView.swift */,
			);
			path = DrawingAnswerView;
			sourceTree = "<group>";
		};
		A9584F9824B93CCD00928EE1 /* ColletionViewAnimation */ = {
			isa = PBXGroup;
			children = (
				A9584F8E24B8FF7500928EE1 /* TransitionAnimationCollectionViewCell.swift */,
			);
			path = ColletionViewAnimation;
			sourceTree = "<group>";
		};
		A9584F9924B93CF000928EE1 /* SupportingFiles */ = {
			isa = PBXGroup;
			children = (
				A9584F7224B13F9000928EE1 /* AppDelegate.swift */,
				A9584F7424B13F9000928EE1 /* SceneDelegate.swift */,
			);
			path = SupportingFiles;
			sourceTree = "<group>";
		};
		B53075D379BF875EDF50454F /* Frameworks */ = {
			isa = PBXGroup;
			children = (
				4DA7D5614AD48F7189679126 /* Pods_Multiplication_App.framework */,
			);
			name = Frameworks;
			sourceTree = "<group>";
		};
/* End PBXGroup section */

/* Begin PBXNativeTarget section */
		A9584F6E24B13F9000928EE1 /* Multiplication App */ = {
			isa = PBXNativeTarget;
			buildConfigurationList = A9584F8324B13F9100928EE1 /* Build configuration list for PBXNativeTarget "Multiplication App" */;
			buildPhases = (
				DD799DB3778B75CB78C1292F /* [CP] Check Pods Manifest.lock */,
				A9584F6B24B13F9000928EE1 /* Sources */,
				A9584F6C24B13F9000928EE1 /* Frameworks */,
				A9584F6D24B13F9000928EE1 /* Resources */,
				96C8FE83B1AAAA5CF2DC435F /* [CP] Embed Pods Frameworks */,
			);
			buildRules = (
			);
			dependencies = (
			);
			name = "Multiplication App";
			productName = "Multiplication App";
			productReference = A9584F6F24B13F9000928EE1 /* Multiplication App.app */;
			productType = "com.apple.product-type.application";
		};
/* End PBXNativeTarget section */

/* Begin PBXProject section */
		A9584F6724B13F9000928EE1 /* Project object */ = {
			isa = PBXProject;
			attributes = {
				LastSwiftUpdateCheck = 1140;
				LastUpgradeCheck = 1140;
				ORGANIZATIONNAME = "antonio ";
				TargetAttributes = {
					A9584F6E24B13F9000928EE1 = {
						CreatedOnToolsVersion = 11.4;
					};
				};
			};
			buildConfigurationList = A9584F6A24B13F9000928EE1 /* Build configuration list for PBXProject "Multiplication App" */;
			compatibilityVersion = "Xcode 9.3";
			developmentRegion = en;
			hasScannedForEncodings = 0;
			knownRegions = (
				en,
				Base,
			);
			mainGroup = A9584F6624B13F9000928EE1;
			productRefGroup = A9584F7024B13F9000928EE1 /* Products */;
			projectDirPath = "";
			projectRoot = "";
			targets = (
				A9584F6E24B13F9000928EE1 /* Multiplication App */,
			);
		};
/* End PBXProject section */

/* Begin PBXResourcesBuildPhase section */
		A9584F6D24B13F9000928EE1 /* Resources */ = {
			isa = PBXResourcesBuildPhase;
			buildActionMask = 2147483647;
			files = (
				A9584F7F24B13F9100928EE1 /* LaunchScreen.storyboard in Resources */,
				A943921024BAA7EB006C0B13 /* mnist.tflite in Resources */,
				A9584F7C24B13F9100928EE1 /* Assets.xcassets in Resources */,
				A9584F7A24B13F9000928EE1 /* Main.storyboard in Resources */,
			);
			runOnlyForDeploymentPostprocessing = 0;
		};
/* End PBXResourcesBuildPhase section */

/* Begin PBXShellScriptBuildPhase section */
		96C8FE83B1AAAA5CF2DC435F /* [CP] Embed Pods Frameworks */ = {
			isa = PBXShellScriptBuildPhase;
			buildActionMask = 2147483647;
			files = (
			);
			inputFileListPaths = (
				"${PODS_ROOT}/Target Support Files/Pods-Multiplication App/Pods-Multiplication App-frameworks-${CONFIGURATION}-input-files.xcfilelist",
			);
			name = "[CP] Embed Pods Frameworks";
			outputFileListPaths = (
				"${PODS_ROOT}/Target Support Files/Pods-Multiplication App/Pods-Multiplication App-frameworks-${CONFIGURATION}-output-files.xcfilelist",
			);
			runOnlyForDeploymentPostprocessing = 0;
			shellPath = /bin/sh;
			shellScript = "\"${PODS_ROOT}/Target Support Files/Pods-Multiplication App/Pods-Multiplication App-frameworks.sh\"\n";
			showEnvVarsInLog = 0;
		};
		DD799DB3778B75CB78C1292F /* [CP] Check Pods Manifest.lock */ = {
			isa = PBXShellScriptBuildPhase;
			buildActionMask = 2147483647;
			files = (
			);
			inputFileListPaths = (
			);
			inputPaths = (
				"${PODS_PODFILE_DIR_PATH}/Podfile.lock",
				"${PODS_ROOT}/Manifest.lock",
			);
			name = "[CP] Check Pods Manifest.lock";
			outputFileListPaths = (
			);
			outputPaths = (
				"$(DERIVED_FILE_DIR)/Pods-Multiplication App-checkManifestLockResult.txt",
			);
			runOnlyForDeploymentPostprocessing = 0;
			shellPath = /bin/sh;
			shellScript = "diff \"${PODS_PODFILE_DIR_PATH}/Podfile.lock\" \"${PODS_ROOT}/Manifest.lock\" > /dev/null\nif [ $? != 0 ] ; then\n    # print error to STDERR\n    echo \"error: The sandbox is not in sync with the Podfile.lock. Run 'pod install' or update your CocoaPods installation.\" >&2\n    exit 1\nfi\n# This output is used by Xcode 'outputs' to avoid re-running this script phase.\necho \"SUCCESS\" > \"${SCRIPT_OUTPUT_FILE_0}\"\n";
			showEnvVarsInLog = 0;
		};
/* End PBXShellScriptBuildPhase section */

/* Begin PBXSourcesBuildPhase section */
		A9584F6B24B13F9000928EE1 /* Sources */ = {
			isa = PBXSourcesBuildPhase;
			buildActionMask = 2147483647;
			files = (
				A956916024BEA8FB0095B2EE /* DropDownButton.swift in Sources */,
				7F368FBC2511EF3B002E8B7D /* MultipleChoiceView.swift in Sources */,
				A956916224BEAAE10095B2EE /* DropDownView.swift in Sources */,
				A9584F8F24B8FF7600928EE1 /* TransitionAnimationCollectionViewCell.swift in Sources */,
				A9584F7724B13F9000928EE1 /* MultiplicationViewController.swift in Sources */,
				7F368FBE2512115E002E8B7D /* CollectionViewCell.swift in Sources */,
				A943920D24BA7F47006C0B13 /* TensorFlowExt.swift in Sources */,
				7F8C12832514819200E4FE93 /* ARview.swift in Sources */,
				A9584F7324B13F9000928EE1 /* AppDelegate.swift in Sources */,
				A9584F9124B9010A00928EE1 /* MultiplicationStudyViewController.swift in Sources */,
				A9584F8724B1599500928EE1 /* CanvasView.swift in Sources */,
				7F368FC12512D6D8002E8B7D /* TextChoiceView.swift in Sources */,
				A9584F7524B13F9000928EE1 /* SceneDelegate.swift in Sources */,
				A943920924BA7EC6006C0B13 /* DigitClassifier.swift in Sources */,
				7F8C1288251487F800E4FE93 /* ARViewController.swift in Sources */,
				A9584F8924B17F5D00928EE1 /* UiView Extensions .swift in Sources */,
				A9584F8B24B8507600928EE1 /* StartViewController.swift in Sources */,
				7F368FC52512DD14002E8B7D /* UItextField Extenstion.swift in Sources */,
				A9584F8D24B852BE00928EE1 /* MultiplicationListCollectionViewCell.swift in Sources */,
			);
			runOnlyForDeploymentPostprocessing = 0;
		};
/* End PBXSourcesBuildPhase section */

/* Begin PBXVariantGroup section */
		A9584F7824B13F9000928EE1 /* Main.storyboard */ = {
			isa = PBXVariantGroup;
			children = (
				A9584F7924B13F9000928EE1 /* Base */,
			);
			name = Main.storyboard;
			sourceTree = "<group>";
		};
		A9584F7D24B13F9100928EE1 /* LaunchScreen.storyboard */ = {
			isa = PBXVariantGroup;
			children = (
				A9584F7E24B13F9100928EE1 /* Base */,
			);
			name = LaunchScreen.storyboard;
			sourceTree = "<group>";
		};
/* End PBXVariantGroup section */

/* Begin XCBuildConfiguration section */
		A9584F8124B13F9100928EE1 /* Debug */ = {
			isa = XCBuildConfiguration;
			buildSettings = {
				ALWAYS_SEARCH_USER_PATHS = NO;
				CLANG_ANALYZER_NONNULL = YES;
				CLANG_ANALYZER_NUMBER_OBJECT_CONVERSION = YES_AGGRESSIVE;
				CLANG_CXX_LANGUAGE_STANDARD = "gnu++14";
				CLANG_CXX_LIBRARY = "libc++";
				CLANG_ENABLE_MODULES = YES;
				CLANG_ENABLE_OBJC_ARC = YES;
				CLANG_ENABLE_OBJC_WEAK = YES;
				CLANG_WARN_BLOCK_CAPTURE_AUTORELEASING = YES;
				CLANG_WARN_BOOL_CONVERSION = YES;
				CLANG_WARN_COMMA = YES;
				CLANG_WARN_CONSTANT_CONVERSION = YES;
				CLANG_WARN_DEPRECATED_OBJC_IMPLEMENTATIONS = YES;
				CLANG_WARN_DIRECT_OBJC_ISA_USAGE = YES_ERROR;
				CLANG_WARN_DOCUMENTATION_COMMENTS = YES;
				CLANG_WARN_EMPTY_BODY = YES;
				CLANG_WARN_ENUM_CONVERSION = YES;
				CLANG_WARN_INFINITE_RECURSION = YES;
				CLANG_WARN_INT_CONVERSION = YES;
				CLANG_WARN_NON_LITERAL_NULL_CONVERSION = YES;
				CLANG_WARN_OBJC_IMPLICIT_RETAIN_SELF = YES;
				CLANG_WARN_OBJC_LITERAL_CONVERSION = YES;
				CLANG_WARN_OBJC_ROOT_CLASS = YES_ERROR;
				CLANG_WARN_RANGE_LOOP_ANALYSIS = YES;
				CLANG_WARN_STRICT_PROTOTYPES = YES;
				CLANG_WARN_SUSPICIOUS_MOVE = YES;
				CLANG_WARN_UNGUARDED_AVAILABILITY = YES_AGGRESSIVE;
				CLANG_WARN_UNREACHABLE_CODE = YES;
				CLANG_WARN__DUPLICATE_METHOD_MATCH = YES;
				COPY_PHASE_STRIP = NO;
				DEBUG_INFORMATION_FORMAT = dwarf;
				ENABLE_STRICT_OBJC_MSGSEND = YES;
				ENABLE_TESTABILITY = YES;
				GCC_C_LANGUAGE_STANDARD = gnu11;
				GCC_DYNAMIC_NO_PIC = NO;
				GCC_NO_COMMON_BLOCKS = YES;
				GCC_OPTIMIZATION_LEVEL = 0;
				GCC_PREPROCESSOR_DEFINITIONS = (
					"DEBUG=1",
					"$(inherited)",
				);
				GCC_WARN_64_TO_32_BIT_CONVERSION = YES;
				GCC_WARN_ABOUT_RETURN_TYPE = YES_ERROR;
				GCC_WARN_UNDECLARED_SELECTOR = YES;
				GCC_WARN_UNINITIALIZED_AUTOS = YES_AGGRESSIVE;
				GCC_WARN_UNUSED_FUNCTION = YES;
				GCC_WARN_UNUSED_VARIABLE = YES;
				IPHONEOS_DEPLOYMENT_TARGET = 13.4;
				MTL_ENABLE_DEBUG_INFO = INCLUDE_SOURCE;
				MTL_FAST_MATH = YES;
				ONLY_ACTIVE_ARCH = YES;
				SDKROOT = iphoneos;
				SWIFT_ACTIVE_COMPILATION_CONDITIONS = DEBUG;
				SWIFT_OPTIMIZATION_LEVEL = "-Onone";
			};
			name = Debug;
		};
		A9584F8224B13F9100928EE1 /* Release */ = {
			isa = XCBuildConfiguration;
			buildSettings = {
				ALWAYS_SEARCH_USER_PATHS = NO;
				CLANG_ANALYZER_NONNULL = YES;
				CLANG_ANALYZER_NUMBER_OBJECT_CONVERSION = YES_AGGRESSIVE;
				CLANG_CXX_LANGUAGE_STANDARD = "gnu++14";
				CLANG_CXX_LIBRARY = "libc++";
				CLANG_ENABLE_MODULES = YES;
				CLANG_ENABLE_OBJC_ARC = YES;
				CLANG_ENABLE_OBJC_WEAK = YES;
				CLANG_WARN_BLOCK_CAPTURE_AUTORELEASING = YES;
				CLANG_WARN_BOOL_CONVERSION = YES;
				CLANG_WARN_COMMA = YES;
				CLANG_WARN_CONSTANT_CONVERSION = YES;
				CLANG_WARN_DEPRECATED_OBJC_IMPLEMENTATIONS = YES;
				CLANG_WARN_DIRECT_OBJC_ISA_USAGE = YES_ERROR;
				CLANG_WARN_DOCUMENTATION_COMMENTS = YES;
				CLANG_WARN_EMPTY_BODY = YES;
				CLANG_WARN_ENUM_CONVERSION = YES;
				CLANG_WARN_INFINITE_RECURSION = YES;
				CLANG_WARN_INT_CONVERSION = YES;
				CLANG_WARN_NON_LITERAL_NULL_CONVERSION = YES;
				CLANG_WARN_OBJC_IMPLICIT_RETAIN_SELF = YES;
				CLANG_WARN_OBJC_LITERAL_CONVERSION = YES;
				CLANG_WARN_OBJC_ROOT_CLASS = YES_ERROR;
				CLANG_WARN_RANGE_LOOP_ANALYSIS = YES;
				CLANG_WARN_STRICT_PROTOTYPES = YES;
				CLANG_WARN_SUSPICIOUS_MOVE = YES;
				CLANG_WARN_UNGUARDED_AVAILABILITY = YES_AGGRESSIVE;
				CLANG_WARN_UNREACHABLE_CODE = YES;
				CLANG_WARN__DUPLICATE_METHOD_MATCH = YES;
				COPY_PHASE_STRIP = NO;
				DEBUG_INFORMATION_FORMAT = "dwarf-with-dsym";
				ENABLE_NS_ASSERTIONS = NO;
				ENABLE_STRICT_OBJC_MSGSEND = YES;
				GCC_C_LANGUAGE_STANDARD = gnu11;
				GCC_NO_COMMON_BLOCKS = YES;
				GCC_WARN_64_TO_32_BIT_CONVERSION = YES;
				GCC_WARN_ABOUT_RETURN_TYPE = YES_ERROR;
				GCC_WARN_UNDECLARED_SELECTOR = YES;
				GCC_WARN_UNINITIALIZED_AUTOS = YES_AGGRESSIVE;
				GCC_WARN_UNUSED_FUNCTION = YES;
				GCC_WARN_UNUSED_VARIABLE = YES;
				IPHONEOS_DEPLOYMENT_TARGET = 13.4;
				MTL_ENABLE_DEBUG_INFO = NO;
				MTL_FAST_MATH = YES;
				SDKROOT = iphoneos;
				SWIFT_COMPILATION_MODE = wholemodule;
				SWIFT_OPTIMIZATION_LEVEL = "-O";
				VALIDATE_PRODUCT = YES;
			};
			name = Release;
		};
		A9584F8424B13F9100928EE1 /* Debug */ = {
			isa = XCBuildConfiguration;
			baseConfigurationReference = 0091F8900A505A2110A9D44A /* Pods-Multiplication App.debug.xcconfig */;
			buildSettings = {
				ASSETCATALOG_COMPILER_APPICON_NAME = AppIcon;
				CODE_SIGN_STYLE = Automatic;
				DEVELOPMENT_TEAM = PN99Z24U45;
				INFOPLIST_FILE = "Multiplication App/Info.plist";
				LD_RUNPATH_SEARCH_PATHS = (
					"$(inherited)",
					"@executable_path/Frameworks",
				);
				PRODUCT_BUNDLE_IDENTIFIER = "-.Multiplication-App";
				PRODUCT_NAME = "$(TARGET_NAME)";
				SWIFT_VERSION = 5.0;
				TARGETED_DEVICE_FAMILY = "1,2";
			};
			name = Debug;
		};
		A9584F8524B13F9100928EE1 /* Release */ = {
			isa = XCBuildConfiguration;
			baseConfigurationReference = BE1D3BB382262DEBE3D08728 /* Pods-Multiplication App.release.xcconfig */;
			buildSettings = {
				ASSETCATALOG_COMPILER_APPICON_NAME = AppIcon;
				CODE_SIGN_STYLE = Automatic;
				DEVELOPMENT_TEAM = PN99Z24U45;
				INFOPLIST_FILE = "Multiplication App/Info.plist";
				LD_RUNPATH_SEARCH_PATHS = (
					"$(inherited)",
					"@executable_path/Frameworks",
				);
				PRODUCT_BUNDLE_IDENTIFIER = "-.Multiplication-App";
				PRODUCT_NAME = "$(TARGET_NAME)";
				SWIFT_VERSION = 5.0;
				TARGETED_DEVICE_FAMILY = "1,2";
			};
			name = Release;
		};
/* End XCBuildConfiguration section */

/* Begin XCConfigurationList section */
		A9584F6A24B13F9000928EE1 /* Build configuration list for PBXProject "Multiplication App" */ = {
			isa = XCConfigurationList;
			buildConfigurations = (
				A9584F8124B13F9100928EE1 /* Debug */,
				A9584F8224B13F9100928EE1 /* Release */,
			);
			defaultConfigurationIsVisible = 0;
			defaultConfigurationName = Release;
		};
		A9584F8324B13F9100928EE1 /* Build configuration list for PBXNativeTarget "Multiplication App" */ = {
			isa = XCConfigurationList;
			buildConfigurations = (
				A9584F8424B13F9100928EE1 /* Debug */,
				A9584F8524B13F9100928EE1 /* Release */,
			);
			defaultConfigurationIsVisible = 0;
			defaultConfigurationName = Release;
		};
/* End XCConfigurationList section */
	};
	rootObject = A9584F6724B13F9000928EE1 /* Project object */;
}
